
Microsoft Visual Studio Solution File, Format Version 12.00
# Visual Studio Version 16
VisualStudioVersion = 16.0.30621.155
MinimumVisualStudioVersion = 10.0.40219.1
Project("{9A19103F-16F7-4668-BE54-9A1E7A4F7556}") = "ConwaysTDD", "ConwaysTDD\ConwaysTDD.csproj", "{9B59A917-E49D-49A5-9D37-4DA428A2E816}"
EndProject
Project("{9A19103F-16F7-4668-BE54-9A1E7A4F7556}") = "ConwayTDD.Test", "ConwayTDD.Test\ConwayTDD.Test.csproj", "{2D836E49-104E-465A-BDB6-E854BFE74772}"
EndProject
Project("{FAE04EC0-301F-11D3-BF4B-00C04F79EFBC}") = "ConwaysTDD.UI", "ConwaysTDD.UI\ConwaysTDD.UI.csproj", "{F2284669-F2A2-4908-8900-40E7F5684108}"
EndProject
Global
	GlobalSection(SolutionConfigurationPlatforms) = preSolution
		Debug|Any CPU = Debug|Any CPU
		Release|Any CPU = Release|Any CPU
	EndGlobalSection
	GlobalSection(ProjectConfigurationPlatforms) = postSolution
		{9B59A917-E49D-49A5-9D37-4DA428A2E816}.Debug|Any CPU.ActiveCfg = Debug|Any CPU
		{9B59A917-E49D-49A5-9D37-4DA428A2E816}.Debug|Any CPU.Build.0 = Debug|Any CPU
		{9B59A917-E49D-49A5-9D37-4DA428A2E816}.Release|Any CPU.ActiveCfg = Release|Any CPU
		{9B59A917-E49D-49A5-9D37-4DA428A2E816}.Release|Any CPU.Build.0 = Release|Any CPU
		{2D836E49-104E-465A-BDB6-E854BFE74772}.Debug|Any CPU.ActiveCfg = Debug|Any CPU
		{2D836E49-104E-465A-BDB6-E854BFE74772}.Debug|Any CPU.Build.0 = Debug|Any CPU
		{2D836E49-104E-465A-BDB6-E854BFE74772}.Release|Any CPU.ActiveCfg = Release|Any CPU
		{2D836E49-104E-465A-BDB6-E854BFE74772}.Release|Any CPU.Build.0 = Release|Any CPU
		{F2284669-F2A2-4908-8900-40E7F5684108}.Debug|Any CPU.ActiveCfg = Debug|Any CPU
		{F2284669-F2A2-4908-8900-40E7F5684108}.Debug|Any CPU.Build.0 = Debug|Any CPU
		{F2284669-F2A2-4908-8900-40E7F5684108}.Release|Any CPU.ActiveCfg = Release|Any CPU
		{F2284669-F2A2-4908-8900-40E7F5684108}.Release|Any CPU.Build.0 = Release|Any CPU
	EndGlobalSection
	GlobalSection(SolutionProperties) = preSolution
		HideSolutionNode = FALSE
	EndGlobalSection
	GlobalSection(ExtensibilityGlobals) = postSolution
		SolutionGuid = {58505945-C5CD-4175-AF44-160E210C3AE4}
	EndGlobalSection
EndGlobal
